
Microsoft Visual Studio Solution File, Format Version 12.00
# Visual Studio Version 16
VisualStudioVersion = 16.0.30011.22
MinimumVisualStudioVersion = 10.0.40219.1
Project("{9A19103F-16F7-4668-BE54-9A1E7A4F7556}") = "uWriter", "uWriter\uWriter.csproj", "{0F5008AF-EAB2-4DC3-84C7-8F1CAEA5CB5F}"
EndProject
Project("{9A19103F-16F7-4668-BE54-9A1E7A4F7556}") = "uWriter.Core", "uWriter.Core\uWriter.Core.csproj", "{147C3A06-1FCB-4DBD-A9B7-3F9539EF0505}"
EndProject
Global
	GlobalSection(SolutionConfigurationPlatforms) = preSolution
		Debug|Any CPU = Debug|Any CPU
		Release|Any CPU = Release|Any CPU
	EndGlobalSection
	GlobalSection(ProjectConfigurationPlatforms) = postSolution
		{0F5008AF-EAB2-4DC3-84C7-8F1CAEA5CB5F}.Debug|Any CPU.ActiveCfg = Debug|Any CPU
		{0F5008AF-EAB2-4DC3-84C7-8F1CAEA5CB5F}.Debug|Any CPU.Build.0 = Debug|Any CPU
		{0F5008AF-EAB2-4DC3-84C7-8F1CAEA5CB5F}.Release|Any CPU.ActiveCfg = Release|Any CPU
		{0F5008AF-EAB2-4DC3-84C7-8F1CAEA5CB5F}.Release|Any CPU.Build.0 = Release|Any CPU
		{147C3A06-1FCB-4DBD-A9B7-3F9539EF0505}.Debug|Any CPU.ActiveCfg = Debug|Any CPU
		{147C3A06-1FCB-4DBD-A9B7-3F9539EF0505}.Debug|Any CPU.Build.0 = Debug|Any CPU
		{147C3A06-1FCB-4DBD-A9B7-3F9539EF0505}.Release|Any CPU.ActiveCfg = Release|Any CPU
		{147C3A06-1FCB-4DBD-A9B7-3F9539EF0505}.Release|Any CPU.Build.0 = Release|Any CPU
	EndGlobalSection
	GlobalSection(SolutionProperties) = preSolution
		HideSolutionNode = FALSE
	EndGlobalSection
	GlobalSection(ExtensibilityGlobals) = postSolution
		SolutionGuid = {1889DF7D-9C8F-4600-8835-FF7203493466}
	EndGlobalSection
EndGlobal
